
Microsoft Visual Studio Solution File, Format Version 12.00
# Visual Studio Version 16
VisualStudioVersion = 25.0.1705.4
MinimumVisualStudioVersion = 10.0.40219.1
Project("{FAE04EC0-301F-11D3-BF4B-00C04F79EFBC}") = "workout-api", "workout-api\workout-api.csproj", "{DBE71252-BDBD-4E6D-95CB-01B678E1F210}"
EndProject
Global
	GlobalSection(SolutionConfigurationPlatforms) = preSolution
		Debug|Any CPU = Debug|Any CPU
		Release|Any CPU = Release|Any CPU
	EndGlobalSection
	GlobalSection(ProjectConfigurationPlatforms) = postSolution
		{DBE71252-BDBD-4E6D-95CB-01B678E1F210}.Debug|Any CPU.ActiveCfg = Debug|Any CPU
		{DBE71252-BDBD-4E6D-95CB-01B678E1F210}.Debug|Any CPU.Build.0 = Debug|Any CPU
		{DBE71252-BDBD-4E6D-95CB-01B678E1F210}.Release|Any CPU.ActiveCfg = Release|Any CPU
		{DBE71252-BDBD-4E6D-95CB-01B678E1F210}.Release|Any CPU.Build.0 = Release|Any CPU
	EndGlobalSection
	GlobalSection(SolutionProperties) = preSolution
		HideSolutionNode = FALSE
	EndGlobalSection
	GlobalSection(ExtensibilityGlobals) = postSolution
		SolutionGuid = {7F40C108-30D0-409B-9FB4-DA3632C65AE6}
	EndGlobalSection
EndGlobal
